
Microsoft Visual Studio Solution File, Format Version 12.00
# Visual Studio Version 16
VisualStudioVersion = 16.0.810.6
MinimumVisualStudioVersion = 10.0.40219.1
Project("{FAE04EC0-301F-11D3-BF4B-00C04F79EFBC}") = "04.TypeConversion", "04.TypeConversion\04.TypeConversion.csproj", "{AB68875B-B5D4-4452-BB5E-7187A208007E}"
EndProject
Global
	GlobalSection(SolutionConfigurationPlatforms) = preSolution
		Debug|anycpu = Debug|anycpu
		Release|anycpu = Release|anycpu
	EndGlobalSection
	GlobalSection(ProjectConfigurationPlatforms) = postSolution
		{AB68875B-B5D4-4452-BB5E-7187A208007E}.Debug|anycpu.ActiveCfg = Debug|anycpu
		{AB68875B-B5D4-4452-BB5E-7187A208007E}.Debug|anycpu.Build.0 = Debug|anycpu
		{AB68875B-B5D4-4452-BB5E-7187A208007E}.Release|anycpu.ActiveCfg = Release|anycpu
		{AB68875B-B5D4-4452-BB5E-7187A208007E}.Release|anycpu.Build.0 = Release|anycpu
	EndGlobalSection
	GlobalSection(SolutionProperties) = preSolution
		HideSolutionNode = FALSE
	EndGlobalSection
	GlobalSection(ExtensibilityGlobals) = postSolution
		SolutionGuid = {E4EBAA08-B14C-4434-B76F-4B6EC22E52AB}
	EndGlobalSection
EndGlobal
